
Microsoft Visual Studio Solution File, Format Version 12.00
# Visual Studio Version 16
VisualStudioVersion = 16.0.30114.105
MinimumVisualStudioVersion = 10.0.40219.1
Project("{FAE04EC0-301F-11D3-BF4B-00C04F79EFBC}") = "Consigueloo", "Consigueloo\Consigueloo.csproj", "{47A7297A-3C76-48F9-A50C-7712BE44D0CD}"
EndProject
Project("{FAE04EC0-301F-11D3-BF4B-00C04F79EFBC}") = "Model", "Model\Model.csproj", "{A03F38FF-6A5D-44AE-AC77-D47484BDE347}"
EndProject
Project("{FAE04EC0-301F-11D3-BF4B-00C04F79EFBC}") = "Persistence", "Persistence\Persistence.csproj", "{DEAA1AE0-8C14-4C9C-A3A5-0694CFF5A400}"
EndProject
Project("{FAE04EC0-301F-11D3-BF4B-00C04F79EFBC}") = "DAO", "DAO\DAO.csproj", "{3AC41874-3148-4055-B2BF-52CE8A9D2005}"
EndProject
Project("{FAE04EC0-301F-11D3-BF4B-00C04F79EFBC}") = "Helpers", "Helpers\Helpers.csproj", "{8CBF7191-2942-4A7A-BD4B-53FAFA270C47}"
EndProject
Global
	GlobalSection(SolutionConfigurationPlatforms) = preSolution
		Debug|Any CPU = Debug|Any CPU
		Release|Any CPU = Release|Any CPU
	EndGlobalSection
	GlobalSection(ProjectConfigurationPlatforms) = postSolution
		{47A7297A-3C76-48F9-A50C-7712BE44D0CD}.Debug|Any CPU.ActiveCfg = Debug|Any CPU
		{47A7297A-3C76-48F9-A50C-7712BE44D0CD}.Debug|Any CPU.Build.0 = Debug|Any CPU
		{47A7297A-3C76-48F9-A50C-7712BE44D0CD}.Release|Any CPU.ActiveCfg = Release|Any CPU
		{47A7297A-3C76-48F9-A50C-7712BE44D0CD}.Release|Any CPU.Build.0 = Release|Any CPU
		{A03F38FF-6A5D-44AE-AC77-D47484BDE347}.Debug|Any CPU.ActiveCfg = Debug|Any CPU
		{A03F38FF-6A5D-44AE-AC77-D47484BDE347}.Debug|Any CPU.Build.0 = Debug|Any CPU
		{A03F38FF-6A5D-44AE-AC77-D47484BDE347}.Release|Any CPU.ActiveCfg = Release|Any CPU
		{A03F38FF-6A5D-44AE-AC77-D47484BDE347}.Release|Any CPU.Build.0 = Release|Any CPU
		{DEAA1AE0-8C14-4C9C-A3A5-0694CFF5A400}.Debug|Any CPU.ActiveCfg = Debug|Any CPU
		{DEAA1AE0-8C14-4C9C-A3A5-0694CFF5A400}.Debug|Any CPU.Build.0 = Debug|Any CPU
		{DEAA1AE0-8C14-4C9C-A3A5-0694CFF5A400}.Release|Any CPU.ActiveCfg = Release|Any CPU
		{DEAA1AE0-8C14-4C9C-A3A5-0694CFF5A400}.Release|Any CPU.Build.0 = Release|Any CPU
		{3AC41874-3148-4055-B2BF-52CE8A9D2005}.Debug|Any CPU.ActiveCfg = Debug|Any CPU
		{3AC41874-3148-4055-B2BF-52CE8A9D2005}.Debug|Any CPU.Build.0 = Debug|Any CPU
		{3AC41874-3148-4055-B2BF-52CE8A9D2005}.Release|Any CPU.ActiveCfg = Release|Any CPU
		{3AC41874-3148-4055-B2BF-52CE8A9D2005}.Release|Any CPU.Build.0 = Release|Any CPU
		{8CBF7191-2942-4A7A-BD4B-53FAFA270C47}.Debug|Any CPU.ActiveCfg = Debug|Any CPU
		{8CBF7191-2942-4A7A-BD4B-53FAFA270C47}.Debug|Any CPU.Build.0 = Debug|Any CPU
		{8CBF7191-2942-4A7A-BD4B-53FAFA270C47}.Release|Any CPU.ActiveCfg = Release|Any CPU
		{8CBF7191-2942-4A7A-BD4B-53FAFA270C47}.Release|Any CPU.Build.0 = Release|Any CPU
	EndGlobalSection
	GlobalSection(SolutionProperties) = preSolution
		HideSolutionNode = FALSE
	EndGlobalSection
	GlobalSection(ExtensibilityGlobals) = postSolution
		SolutionGuid = {47A21B02-1E5B-4D4D-803A-E8E595A9000A}
	EndGlobalSection
EndGlobal
