{
  "name": "Consigueloo.com",
  "lockfileVersion": 2,
  "requires": true,
  "packages": {
    "": {
      "dependencies": {
        "vue-silentbox": "^2.4.5"
      }
    },
    "node_modules/vue-silentbox": {
      "version": "2.4.5",
      "resolved": "https://registry.npmjs.org/vue-silentbox/-/vue-silentbox-2.4.5.tgz",
      "integrity": "sha512-YAI29bSJipQuJPRRgX1CZZPYMs4s5j43sB4js6xsulizd+RECIDl330o0ge5yt568jFDSLy1Hkq0NnEDzXDUgw=="
    }
  },
  "dependencies": {
    "vue-silentbox": {
      "version": "2.4.5",
      "resolved": "https://registry.npmjs.org/vue-silentbox/-/vue-silentbox-2.4.5.tgz",
      "integrity": "sha512-YAI29bSJipQuJPRRgX1CZZPYMs4s5j43sB4js6xsulizd+RECIDl330o0ge5yt568jFDSLy1Hkq0NnEDzXDUgw=="
    }
  }
}
